
Microsoft Visual Studio Solution File, Format Version 12.00
# Visual Studio Version 16
VisualStudioVersion = 16.0.31005.135
MinimumVisualStudioVersion = 10.0.40219.1
Project("{2150E333-8FDC-42A3-9474-1A3956D46DE8}") = "src", "src", "{EA7140BB-98CD-4013-AB76-771C53E353A9}"
EndProject
Project("{2150E333-8FDC-42A3-9474-1A3956D46DE8}") = "tests", "tests", "{1B88FA11-F4A1-4838-9BB1-D039E8F05579}"
EndProject
Project("{FAE04EC0-301F-11D3-BF4B-00C04F79EFBC}") = "Kaktos.UserImmediateActions", "src\Kaktos.UserImmediateActions\Kaktos.UserImmediateActions.csproj", "{7359DD11-B9E3-405B-8E0F-E6864C41BF25}"
EndProject
Project("{FAE04EC0-301F-11D3-BF4B-00C04F79EFBC}") = "Kaktos.UserImmediateActions.UnitTest", "tests\Kaktos.UserImmediateActions.UnitTest\Kaktos.UserImmediateActions.UnitTest.csproj", "{C5A7A63C-F0D7-42FC-9246-3642F24FD68B}"
EndProject
Global
	GlobalSection(SolutionConfigurationPlatforms) = preSolution
		Debug|Any CPU = Debug|Any CPU
		Release|Any CPU = Release|Any CPU
	EndGlobalSection
	GlobalSection(ProjectConfigurationPlatforms) = postSolution
		{7359DD11-B9E3-405B-8E0F-E6864C41BF25}.Debug|Any CPU.ActiveCfg = Debug|Any CPU
		{7359DD11-B9E3-405B-8E0F-E6864C41BF25}.Debug|Any CPU.Build.0 = Debug|Any CPU
		{7359DD11-B9E3-405B-8E0F-E6864C41BF25}.Release|Any CPU.ActiveCfg = Release|Any CPU
		{7359DD11-B9E3-405B-8E0F-E6864C41BF25}.Release|Any CPU.Build.0 = Release|Any CPU
		{C5A7A63C-F0D7-42FC-9246-3642F24FD68B}.Debug|Any CPU.ActiveCfg = Debug|Any CPU
		{C5A7A63C-F0D7-42FC-9246-3642F24FD68B}.Debug|Any CPU.Build.0 = Debug|Any CPU
		{C5A7A63C-F0D7-42FC-9246-3642F24FD68B}.Release|Any CPU.ActiveCfg = Release|Any CPU
		{C5A7A63C-F0D7-42FC-9246-3642F24FD68B}.Release|Any CPU.Build.0 = Release|Any CPU
	EndGlobalSection
	GlobalSection(SolutionProperties) = preSolution
		HideSolutionNode = FALSE
	EndGlobalSection
	GlobalSection(NestedProjects) = preSolution
		{7359DD11-B9E3-405B-8E0F-E6864C41BF25} = {EA7140BB-98CD-4013-AB76-771C53E353A9}
		{C5A7A63C-F0D7-42FC-9246-3642F24FD68B} = {1B88FA11-F4A1-4838-9BB1-D039E8F05579}
	EndGlobalSection
	GlobalSection(ExtensibilityGlobals) = postSolution
		SolutionGuid = {68CC8DAA-5B6D-4895-8C03-2EB2DD7D418C}
	EndGlobalSection
EndGlobal
